
Microsoft Visual Studio Solution File, Format Version 12.00
# Visual Studio 15
VisualStudioVersion = 15.0.28307.1401
MinimumVisualStudioVersion = 10.0.40219.1
Project("{FAE04EC0-301F-11D3-BF4B-00C04F79EFBC}") = "HandWave", "HandWave\HandWave.csproj", "{89360271-65E9-4E49-8491-A92B2C47807A}"
EndProject
Global
	GlobalSection(SolutionConfigurationPlatforms) = preSolution
		Debug|Any CPU = Debug|Any CPU
		Release|Any CPU = Release|Any CPU
	EndGlobalSection
	GlobalSection(ProjectConfigurationPlatforms) = postSolution
		{89360271-65E9-4E49-8491-A92B2C47807A}.Debug|Any CPU.ActiveCfg = Debug|Any CPU
		{89360271-65E9-4E49-8491-A92B2C47807A}.Debug|Any CPU.Build.0 = Debug|Any CPU
		{89360271-65E9-4E49-8491-A92B2C47807A}.Release|Any CPU.ActiveCfg = Release|Any CPU
		{89360271-65E9-4E49-8491-A92B2C47807A}.Release|Any CPU.Build.0 = Release|Any CPU
	EndGlobalSection
	GlobalSection(SolutionProperties) = preSolution
		HideSolutionNode = FALSE
	EndGlobalSection
	GlobalSection(ExtensibilityGlobals) = postSolution
		SolutionGuid = {C173FEFE-1788-43BA-A013-0C4ADF41F26E}
	EndGlobalSection
EndGlobal
